// !$*UTF8*$!
{
	archiveVersion = 1;
	classes = {
	};
	objectVersion = 50;
	objects = {

/* Begin PBXBuildFile section */
		C8437983252F0BC60026BAC9 /* Quizz_App_V3App.swift in Sources */ = {isa = PBXBuildFile; fileRef = C8437982252F0BC60026BAC9 /* Quizz_App_V3App.swift */; };
		C8437985252F0BC60026BAC9 /* ContentView.swift in Sources */ = {isa = PBXBuildFile; fileRef = C8437984252F0BC60026BAC9 /* ContentView.swift */; };
		C843798A252F0BC90026BAC9 /* Preview Assets.xcassets in Resources */ = {isa = PBXBuildFile; fileRef = C8437989252F0BC90026BAC9 /* Preview Assets.xcassets */; };
		C8437995252F0C900026BAC9 /* ImageStore.swift in Sources */ = {isa = PBXBuildFile; fileRef = C8437993252F0C900026BAC9 /* ImageStore.swift */; };
		C8437996252F0C900026BAC9 /* QuizModel.swift in Sources */ = {isa = PBXBuildFile; fileRef = C8437994252F0C900026BAC9 /* QuizModel.swift */; };
		C8437998252F0D330026BAC9 /* p1_quizzes.json in Resources */ = {isa = PBXBuildFile; fileRef = C8437992252F0C800026BAC9 /* p1_quizzes.json */; };
		C843799B252F12BB0026BAC9 /* QuizRowView.swift in Sources */ = {isa = PBXBuildFile; fileRef = C843799A252F12BB0026BAC9 /* QuizRowView.swift */; };
		C843799E252F12FA0026BAC9 /* QuizView.swift in Sources */ = {isa = PBXBuildFile; fileRef = C843799D252F12FA0026BAC9 /* QuizView.swift */; };
		C8E1BC0A252F25300073493E /* Assets.xcassets in Resources */ = {isa = PBXBuildFile; fileRef = C8E1BC09252F25300073493E /* Assets.xcassets */; };
		C8E1BC10252F28AB0073493E /* ImageView.swift in Sources */ = {isa = PBXBuildFile; fileRef = C8E1BC0F252F28AB0073493E /* ImageView.swift */; };
		C8E1BC15252F4EF60073493E /* AuthorView.swift in Sources */ = {isa = PBXBuildFile; fileRef = C8E1BC14252F4EF60073493E /* AuthorView.swift */; };
/* End PBXBuildFile section */

/* Begin PBXFileReference section */
		C843797F252F0BC60026BAC9 /* Quizz_App_V3.app */ = {isa = PBXFileReference; explicitFileType = wrapper.application; includeInIndex = 0; path = Quizz_App_V3.app; sourceTree = BUILT_PRODUCTS_DIR; };
		C8437982252F0BC60026BAC9 /* Quizz_App_V3App.swift */ = {isa = PBXFileReference; lastKnownFileType = sourcecode.swift; path = Quizz_App_V3App.swift; sourceTree = "<group>"; };
		C8437984252F0BC60026BAC9 /* ContentView.swift */ = {isa = PBXFileReference; lastKnownFileType = sourcecode.swift; path = ContentView.swift; sourceTree = "<group>"; };
		C8437989252F0BC90026BAC9 /* Preview Assets.xcassets */ = {isa = PBXFileReference; lastKnownFileType = folder.assetcatalog; path = "Preview Assets.xcassets"; sourceTree = "<group>"; };
		C843798B252F0BC90026BAC9 /* Info.plist */ = {isa = PBXFileReference; lastKnownFileType = text.plist.xml; path = Info.plist; sourceTree = "<group>"; };
		C8437992252F0C800026BAC9 /* p1_quizzes.json */ = {isa = PBXFileReference; lastKnownFileType = text.json; path = p1_quizzes.json; sourceTree = "<group>"; };
		C8437993252F0C900026BAC9 /* ImageStore.swift */ = {isa = PBXFileReference; fileEncoding = 4; lastKnownFileType = sourcecode.swift; path = ImageStore.swift; sourceTree = "<group>"; };
		C8437994252F0C900026BAC9 /* QuizModel.swift */ = {isa = PBXFileReference; fileEncoding = 4; lastKnownFileType = sourcecode.swift; path = QuizModel.swift; sourceTree = "<group>"; };
		C843799A252F12BB0026BAC9 /* QuizRowView.swift */ = {isa = PBXFileReference; lastKnownFileType = sourcecode.swift; path = QuizRowView.swift; sourceTree = "<group>"; };
		C843799D252F12FA0026BAC9 /* QuizView.swift */ = {isa = PBXFileReference; lastKnownFileType = sourcecode.swift; path = QuizView.swift; sourceTree = "<group>"; };
		C8E1BC09252F25300073493E /* Assets.xcassets */ = {isa = PBXFileReference; lastKnownFileType = folder.assetcatalog; path = Assets.xcassets; sourceTree = "<group>"; };
		C8E1BC0F252F28AB0073493E /* ImageView.swift */ = {isa = PBXFileReference; lastKnownFileType = sourcecode.swift; path = ImageView.swift; sourceTree = "<group>"; };
		C8E1BC14252F4EF60073493E /* AuthorView.swift */ = {isa = PBXFileReference; lastKnownFileType = sourcecode.swift; path = AuthorView.swift; sourceTree = "<group>"; };
/* End PBXFileReference section */

/* Begin PBXFrameworksBuildPhase section */
		C843797C252F0BC60026BAC9 /* Frameworks */ = {
			isa = PBXFrameworksBuildPhase;
			buildActionMask = 2147483647;
			files = (
			);
			runOnlyForDeploymentPostprocessing = 0;
		};
/* End PBXFrameworksBuildPhase section */

/* Begin PBXGroup section */
		C8437976252F0BC60026BAC9 = {
			isa = PBXGroup;
			children = (
				C8437981252F0BC60026BAC9 /* Quizz_App_V3 */,
				C8437980252F0BC60026BAC9 /* Products */,
			);
			sourceTree = "<group>";
		};
		C8437980252F0BC60026BAC9 /* Products */ = {
			isa = PBXGroup;
			children = (
				C843797F252F0BC60026BAC9 /* Quizz_App_V3.app */,
			);
			name = Products;
			sourceTree = "<group>";
		};
		C8437981252F0BC60026BAC9 /* Quizz_App_V3 */ = {
			isa = PBXGroup;
			children = (
				C8E1BC0E252F28500073493E /* Managers */,
				C8E1BC0C252F28190073493E /* Views */,
				C8437992252F0C800026BAC9 /* p1_quizzes.json */,
				C8437982252F0BC60026BAC9 /* Quizz_App_V3App.swift */,
				C8E1BC09252F25300073493E /* Assets.xcassets */,
				C843798B252F0BC90026BAC9 /* Info.plist */,
				C8437988252F0BC90026BAC9 /* Preview Content */,
			);
			path = Quizz_App_V3;
			sourceTree = "<group>";
		};
		C8437988252F0BC90026BAC9 /* Preview Content */ = {
			isa = PBXGroup;
			children = (
				C8437989252F0BC90026BAC9 /* Preview Assets.xcassets */,
			);
			path = "Preview Content";
			sourceTree = "<group>";
		};
		C8E1BC0C252F28190073493E /* Views */ = {
			isa = PBXGroup;
			children = (
				C8437984252F0BC60026BAC9 /* ContentView.swift */,
				C843799D252F12FA0026BAC9 /* QuizView.swift */,
				C843799A252F12BB0026BAC9 /* QuizRowView.swift */,
				C8E1BC0F252F28AB0073493E /* ImageView.swift */,
				C8E1BC14252F4EF60073493E /* AuthorView.swift */,
			);
			path = Views;
			sourceTree = "<group>";
		};
		C8E1BC0E252F28500073493E /* Managers */ = {
			isa = PBXGroup;
			children = (
				C8437993252F0C900026BAC9 /* ImageStore.swift */,
				C8437994252F0C900026BAC9 /* QuizModel.swift */,
			);
			path = Managers;
			sourceTree = "<group>";
		};
/* End PBXGroup section */

/* Begin PBXNativeTarget section */
		C843797E252F0BC60026BAC9 /* Quizz_App_V3 */ = {
			isa = PBXNativeTarget;
			buildConfigurationList = C843798E252F0BC90026BAC9 /* Build configuration list for PBXNativeTarget "Quizz_App_V3" */;
			buildPhases = (
				C843797B252F0BC60026BAC9 /* Sources */,
				C843797C252F0BC60026BAC9 /* Frameworks */,
				C843797D252F0BC60026BAC9 /* Resources */,
			);
			buildRules = (
			);
			dependencies = (
			);
			name = Quizz_App_V3;
			productName = Quizz_App_V3;
			productReference = C843797F252F0BC60026BAC9 /* Quizz_App_V3.app */;
			productType = "com.apple.product-type.application";
		};
/* End PBXNativeTarget section */

/* Begin PBXProject section */
		C8437977252F0BC60026BAC9 /* Project object */ = {
			isa = PBXProject;
			attributes = {
				LastSwiftUpdateCheck = 1200;
				LastUpgradeCheck = 1200;
				TargetAttributes = {
					C843797E252F0BC60026BAC9 = {
						CreatedOnToolsVersion = 12.0.1;
					};
				};
			};
			buildConfigurationList = C843797A252F0BC60026BAC9 /* Build configuration list for PBXProject "Quizz_App_V3" */;
			compatibilityVersion = "Xcode 9.3";
			developmentRegion = en;
			hasScannedForEncodings = 0;
			knownRegions = (
				en,
				Base,
			);
			mainGroup = C8437976252F0BC60026BAC9;
			productRefGroup = C8437980252F0BC60026BAC9 /* Products */;
			projectDirPath = "";
			projectRoot = "";
			targets = (
				C843797E252F0BC60026BAC9 /* Quizz_App_V3 */,
			);
		};
/* End PBXProject section */

/* Begin PBXResourcesBuildPhase section */
		C843797D252F0BC60026BAC9 /* Resources */ = {
			isa = PBXResourcesBuildPhase;
			buildActionMask = 2147483647;
			files = (
				C8437998252F0D330026BAC9 /* p1_quizzes.json in Resources */,
				C8E1BC0A252F25300073493E /* Assets.xcassets in Resources */,
				C843798A252F0BC90026BAC9 /* Preview Assets.xcassets in Resources */,
			);
			runOnlyForDeploymentPostprocessing = 0;
		};
/* End PBXResourcesBuildPhase section */

/* Begin PBXSourcesBuildPhase section */
		C843797B252F0BC60026BAC9 /* Sources */ = {
			isa = PBXSourcesBuildPhase;
			buildActionMask = 2147483647;
			files = (
				C8437996252F0C900026BAC9 /* QuizModel.swift in Sources */,
				C8E1BC15252F4EF60073493E /* AuthorView.swift in Sources */,
				C8437985252F0BC60026BAC9 /* ContentView.swift in Sources */,
				C8437983252F0BC60026BAC9 /* Quizz_App_V3App.swift in Sources */,
				C8437995252F0C900026BAC9 /* ImageStore.swift in Sources */,
				C843799B252F12BB0026BAC9 /* QuizRowView.swift in Sources */,
				C8E1BC10252F28AB0073493E /* ImageView.swift in Sources */,
				C843799E252F12FA0026BAC9 /* QuizView.swift in Sources */,
			);
			runOnlyForDeploymentPostprocessing = 0;
		};
/* End PBXSourcesBuildPhase section */

/* Begin XCBuildConfiguration section */
		C843798C252F0BC90026BAC9 /* Debug */ = {
			isa = XCBuildConfiguration;
			buildSettings = {
				ALWAYS_SEARCH_USER_PATHS = NO;
				CLANG_ANALYZER_NONNULL = YES;
				CLANG_ANALYZER_NUMBER_OBJECT_CONVERSION = YES_AGGRESSIVE;
				CLANG_CXX_LANGUAGE_STANDARD = "gnu++14";
				CLANG_CXX_LIBRARY = "libc++";
				CLANG_ENABLE_MODULES = YES;
				CLANG_ENABLE_OBJC_ARC = YES;
				CLANG_ENABLE_OBJC_WEAK = YES;
				CLANG_WARN_BLOCK_CAPTURE_AUTORELEASING = YES;
				CLANG_WARN_BOOL_CONVERSION = YES;
				CLANG_WARN_COMMA = YES;
				CLANG_WARN_CONSTANT_CONVERSION = YES;
				CLANG_WARN_DEPRECATED_OBJC_IMPLEMENTATIONS = YES;
				CLANG_WARN_DIRECT_OBJC_ISA_USAGE = YES_ERROR;
				CLANG_WARN_DOCUMENTATION_COMMENTS = YES;
				CLANG_WARN_EMPTY_BODY = YES;
				CLANG_WARN_ENUM_CONVERSION = YES;
				CLANG_WARN_INFINITE_RECURSION = YES;
				CLANG_WARN_INT_CONVERSION = YES;
				CLANG_WARN_NON_LITERAL_NULL_CONVERSION = YES;
				CLANG_WARN_OBJC_IMPLICIT_RETAIN_SELF = YES;
				CLANG_WARN_OBJC_LITERAL_CONVERSION = YES;
				CLANG_WARN_OBJC_ROOT_CLASS = YES_ERROR;
				CLANG_WARN_QUOTED_INCLUDE_IN_FRAMEWORK_HEADER = YES;
				CLANG_WARN_RANGE_LOOP_ANALYSIS = YES;
				CLANG_WARN_STRICT_PROTOTYPES = YES;
				CLANG_WARN_SUSPICIOUS_MOVE = YES;
				CLANG_WARN_UNGUARDED_AVAILABILITY = YES_AGGRESSIVE;
				CLANG_WARN_UNREACHABLE_CODE = YES;
				CLANG_WARN__DUPLICATE_METHOD_MATCH = YES;
				COPY_PHASE_STRIP = NO;
				DEBUG_INFORMATION_FORMAT = dwarf;
				ENABLE_STRICT_OBJC_MSGSEND = YES;
				ENABLE_TESTABILITY = YES;
				GCC_C_LANGUAGE_STANDARD = gnu11;
				GCC_DYNAMIC_NO_PIC = NO;
				GCC_NO_COMMON_BLOCKS = YES;
				GCC_OPTIMIZATION_LEVEL = 0;
				GCC_PREPROCESSOR_DEFINITIONS = (
					"DEBUG=1",
					"$(inherited)",
				);
				GCC_WARN_64_TO_32_BIT_CONVERSION = YES;
				GCC_WARN_ABOUT_RETURN_TYPE = YES_ERROR;
				GCC_WARN_UNDECLARED_SELECTOR = YES;
				GCC_WARN_UNINITIALIZED_AUTOS = YES_AGGRESSIVE;
				GCC_WARN_UNUSED_FUNCTION = YES;
				GCC_WARN_UNUSED_VARIABLE = YES;
				IPHONEOS_DEPLOYMENT_TARGET = 14.0;
				MTL_ENABLE_DEBUG_INFO = INCLUDE_SOURCE;
				MTL_FAST_MATH = YES;
				ONLY_ACTIVE_ARCH = YES;
				SDKROOT = iphoneos;
				SWIFT_ACTIVE_COMPILATION_CONDITIONS = DEBUG;
				SWIFT_OPTIMIZATION_LEVEL = "-Onone";
			};
			name = Debug;
		};
		C843798D252F0BC90026BAC9 /* Release */ = {
			isa = XCBuildConfiguration;
			buildSettings = {
				ALWAYS_SEARCH_USER_PATHS = NO;
				CLANG_ANALYZER_NONNULL = YES;
				CLANG_ANALYZER_NUMBER_OBJECT_CONVERSION = YES_AGGRESSIVE;
				CLANG_CXX_LANGUAGE_STANDARD = "gnu++14";
				CLANG_CXX_LIBRARY = "libc++";
				CLANG_ENABLE_MODULES = YES;
				CLANG_ENABLE_OBJC_ARC = YES;
				CLANG_ENABLE_OBJC_WEAK = YES;
				CLANG_WARN_BLOCK_CAPTURE_AUTORELEASING = YES;
				CLANG_WARN_BOOL_CONVERSION = YES;
				CLANG_WARN_COMMA = YES;
				CLANG_WARN_CONSTANT_CONVERSION = YES;
				CLANG_WARN_DEPRECATED_OBJC_IMPLEMENTATIONS = YES;
				CLANG_WARN_DIRECT_OBJC_ISA_USAGE = YES_ERROR;
				CLANG_WARN_DOCUMENTATION_COMMENTS = YES;
				CLANG_WARN_EMPTY_BODY = YES;
				CLANG_WARN_ENUM_CONVERSION = YES;
				CLANG_WARN_INFINITE_RECURSION = YES;
				CLANG_WARN_INT_CONVERSION = YES;
				CLANG_WARN_NON_LITERAL_NULL_CONVERSION = YES;
				CLANG_WARN_OBJC_IMPLICIT_RETAIN_SELF = YES;
				CLANG_WARN_OBJC_LITERAL_CONVERSION = YES;
				CLANG_WARN_OBJC_ROOT_CLASS = YES_ERROR;
				CLANG_WARN_QUOTED_INCLUDE_IN_FRAMEWORK_HEADER = YES;
				CLANG_WARN_RANGE_LOOP_ANALYSIS = YES;
				CLANG_WARN_STRICT_PROTOTYPES = YES;
				CLANG_WARN_SUSPICIOUS_MOVE = YES;
				CLANG_WARN_UNGUARDED_AVAILABILITY = YES_AGGRESSIVE;
				CLANG_WARN_UNREACHABLE_CODE = YES;
				CLANG_WARN__DUPLICATE_METHOD_MATCH = YES;
				COPY_PHASE_STRIP = NO;
				DEBUG_INFORMATION_FORMAT = "dwarf-with-dsym";
				ENABLE_NS_ASSERTIONS = NO;
				ENABLE_STRICT_OBJC_MSGSEND = YES;
				GCC_C_LANGUAGE_STANDARD = gnu11;
				GCC_NO_COMMON_BLOCKS = YES;
				GCC_WARN_64_TO_32_BIT_CONVERSION = YES;
				GCC_WARN_ABOUT_RETURN_TYPE = YES_ERROR;
				GCC_WARN_UNDECLARED_SELECTOR = YES;
				GCC_WARN_UNINITIALIZED_AUTOS = YES_AGGRESSIVE;
				GCC_WARN_UNUSED_FUNCTION = YES;
				GCC_WARN_UNUSED_VARIABLE = YES;
				IPHONEOS_DEPLOYMENT_TARGET = 14.0;
				MTL_ENABLE_DEBUG_INFO = NO;
				MTL_FAST_MATH = YES;
				SDKROOT = iphoneos;
				SWIFT_COMPILATION_MODE = wholemodule;
				SWIFT_OPTIMIZATION_LEVEL = "-O";
				VALIDATE_PRODUCT = YES;
			};
			name = Release;
		};
		C843798F252F0BC90026BAC9 /* Debug */ = {
			isa = XCBuildConfiguration;
			buildSettings = {
				ASSETCATALOG_COMPILER_APPICON_NAME = AppIcon;
				ASSETCATALOG_COMPILER_GLOBAL_ACCENT_COLOR_NAME = AccentColor;
				CODE_SIGN_STYLE = Automatic;
				DEVELOPMENT_ASSET_PATHS = "\"Quizz_App_V3/Preview Content\"";
				DEVELOPMENT_TEAM = BDXQXRVYDW;
				ENABLE_PREVIEWS = YES;
				INFOPLIST_FILE = Quizz_App_V3/Info.plist;
				IPHONEOS_DEPLOYMENT_TARGET = 14.0;
				LD_RUNPATH_SEARCH_PATHS = (
					"$(inherited)",
					"@executable_path/Frameworks",
				);
				PRODUCT_BUNDLE_IDENTIFIER = "es.upm.Quizz-App-V3";
				PRODUCT_NAME = "$(TARGET_NAME)";
				SWIFT_VERSION = 5.0;
				TARGETED_DEVICE_FAMILY = "1,2";
			};
			name = Debug;
		};
		C8437990252F0BC90026BAC9 /* Release */ = {
			isa = XCBuildConfiguration;
			buildSettings = {
				ASSETCATALOG_COMPILER_APPICON_NAME = AppIcon;
				ASSETCATALOG_COMPILER_GLOBAL_ACCENT_COLOR_NAME = AccentColor;
				CODE_SIGN_STYLE = Automatic;
				DEVELOPMENT_ASSET_PATHS = "\"Quizz_App_V3/Preview Content\"";
				DEVELOPMENT_TEAM = BDXQXRVYDW;
				ENABLE_PREVIEWS = YES;
				INFOPLIST_FILE = Quizz_App_V3/Info.plist;
				IPHONEOS_DEPLOYMENT_TARGET = 14.0;
				LD_RUNPATH_SEARCH_PATHS = (
					"$(inherited)",
					"@executable_path/Frameworks",
				);
				PRODUCT_BUNDLE_IDENTIFIER = "es.upm.Quizz-App-V3";
				PRODUCT_NAME = "$(TARGET_NAME)";
				SWIFT_VERSION = 5.0;
				TARGETED_DEVICE_FAMILY = "1,2";
			};
			name = Release;
		};
/* End XCBuildConfiguration section */

/* Begin XCConfigurationList section */
		C843797A252F0BC60026BAC9 /* Build configuration list for PBXProject "Quizz_App_V3" */ = {
			isa = XCConfigurationList;
			buildConfigurations = (
				C843798C252F0BC90026BAC9 /* Debug */,
				C843798D252F0BC90026BAC9 /* Release */,
			);
			defaultConfigurationIsVisible = 0;
			defaultConfigurationName = Release;
		};
		C843798E252F0BC90026BAC9 /* Build configuration list for PBXNativeTarget "Quizz_App_V3" */ = {
			isa = XCConfigurationList;
			buildConfigurations = (
				C843798F252F0BC90026BAC9 /* Debug */,
				C8437990252F0BC90026BAC9 /* Release */,
			);
			defaultConfigurationIsVisible = 0;
			defaultConfigurationName = Release;
		};
/* End XCConfigurationList section */
	};
	rootObject = C8437977252F0BC60026BAC9 /* Project object */;
}
